// !$*UTF8*$!
{
	archiveVersion = 1;
	classes = {
	};
	objectVersion = 55;
	objects = {

/* Begin PBXBuildFile section */
		00BB70E82801533E00B95288 /* Home.swift in Sources */ = {isa = PBXBuildFile; fileRef = 00BB70E72801533E00B95288 /* Home.swift */; };
		00BB70EA2801631E00B95288 /* AvatarView.swift in Sources */ = {isa = PBXBuildFile; fileRef = 00BB70E92801631E00B95288 /* AvatarView.swift */; };
		00BB70EC2801639E00B95288 /* HomeView.swift in Sources */ = {isa = PBXBuildFile; fileRef = 00BB70EB2801639E00B95288 /* HomeView.swift */; };
		00BB70EE280164CD00B95288 /* UIScreen+Extensions.swift in Sources */ = {isa = PBXBuildFile; fileRef = 00BB70ED280164CD00B95288 /* UIScreen+Extensions.swift */; };
		00BB70F0280167B700B95288 /* SectionView.swift in Sources */ = {isa = PBXBuildFile; fileRef = 00BB70EF280167B700B95288 /* SectionView.swift */; };
		00BB70F32801696400B95288 /* Section.swift in Sources */ = {isa = PBXBuildFile; fileRef = 00BB70F22801696400B95288 /* Section.swift */; };
		00BB70F528017E1D00B95288 /* UpdateList.swift in Sources */ = {isa = PBXBuildFile; fileRef = 00BB70F428017E1D00B95288 /* UpdateList.swift */; };
		00BB70F728017ED100B95288 /* Update.swift in Sources */ = {isa = PBXBuildFile; fileRef = 00BB70F628017ED100B95288 /* Update.swift */; };
		00BB70F9280180E600B95288 /* UpdateDetail.swift in Sources */ = {isa = PBXBuildFile; fileRef = 00BB70F8280180E600B95288 /* UpdateDetail.swift */; };
		00FCC5BA28024E09002C77E2 /* UpdateStore.swift in Sources */ = {isa = PBXBuildFile; fileRef = 00FCC5B928024E09002C77E2 /* UpdateStore.swift */; };
		00FCC5BD2802516F002C77E2 /* TabBar.swift in Sources */ = {isa = PBXBuildFile; fileRef = 00FCC5BC2802516F002C77E2 /* TabBar.swift */; };
		00FCC5BF2802539C002C77E2 /* RingView.swift in Sources */ = {isa = PBXBuildFile; fileRef = 00FCC5BE2802539C002C77E2 /* RingView.swift */; };
		00FCC5C12802635C002C77E2 /* Modifiers.swift in Sources */ = {isa = PBXBuildFile; fileRef = 00FCC5C02802635C002C77E2 /* Modifiers.swift */; };
		00FCC5DC28026B66002C77E2 /* WorkSans-Medium.ttf in Resources */ = {isa = PBXBuildFile; fileRef = 00FCC5CA28026B65002C77E2 /* WorkSans-Medium.ttf */; };
		00FCC5DD28026B66002C77E2 /* WorkSans-Black.ttf in Resources */ = {isa = PBXBuildFile; fileRef = 00FCC5CB28026B65002C77E2 /* WorkSans-Black.ttf */; };
		00FCC5DE28026B66002C77E2 /* WorkSans-ThinItalic.ttf in Resources */ = {isa = PBXBuildFile; fileRef = 00FCC5CC28026B65002C77E2 /* WorkSans-ThinItalic.ttf */; };
		00FCC5DF28026B66002C77E2 /* WorkSans-ExtraBoldItalic.ttf in Resources */ = {isa = PBXBuildFile; fileRef = 00FCC5CD28026B65002C77E2 /* WorkSans-ExtraBoldItalic.ttf */; };
		00FCC5E028026B66002C77E2 /* WorkSans-SemiBoldItalic.ttf in Resources */ = {isa = PBXBuildFile; fileRef = 00FCC5CE28026B65002C77E2 /* WorkSans-SemiBoldItalic.ttf */; };
		00FCC5E128026B66002C77E2 /* WorkSans-ExtraLightItalic.ttf in Resources */ = {isa = PBXBuildFile; fileRef = 00FCC5CF28026B65002C77E2 /* WorkSans-ExtraLightItalic.ttf */; };
		00FCC5E228026B66002C77E2 /* WorkSans-ExtraLight.ttf in Resources */ = {isa = PBXBuildFile; fileRef = 00FCC5D028026B65002C77E2 /* WorkSans-ExtraLight.ttf */; };
		00FCC5E328026B66002C77E2 /* WorkSans-Light.ttf in Resources */ = {isa = PBXBuildFile; fileRef = 00FCC5D128026B65002C77E2 /* WorkSans-Light.ttf */; };
		00FCC5E428026B66002C77E2 /* WorkSans-Bold.ttf in Resources */ = {isa = PBXBuildFile; fileRef = 00FCC5D228026B65002C77E2 /* WorkSans-Bold.ttf */; };
		00FCC5E528026B66002C77E2 /* WorkSans-MediumItalic.ttf in Resources */ = {isa = PBXBuildFile; fileRef = 00FCC5D328026B65002C77E2 /* WorkSans-MediumItalic.ttf */; };
		00FCC5E628026B66002C77E2 /* WorkSans-Regular.ttf in Resources */ = {isa = PBXBuildFile; fileRef = 00FCC5D428026B65002C77E2 /* WorkSans-Regular.ttf */; };
		00FCC5E728026B66002C77E2 /* WorkSans-SemiBold.ttf in Resources */ = {isa = PBXBuildFile; fileRef = 00FCC5D528026B65002C77E2 /* WorkSans-SemiBold.ttf */; };
		00FCC5E828026B66002C77E2 /* WorkSans-Thin.ttf in Resources */ = {isa = PBXBuildFile; fileRef = 00FCC5D628026B66002C77E2 /* WorkSans-Thin.ttf */; };
		00FCC5E928026B66002C77E2 /* WorkSans-ExtraBold.ttf in Resources */ = {isa = PBXBuildFile; fileRef = 00FCC5D728026B66002C77E2 /* WorkSans-ExtraBold.ttf */; };
		00FCC5EA28026B66002C77E2 /* WorkSans-Italic.ttf in Resources */ = {isa = PBXBuildFile; fileRef = 00FCC5D828026B66002C77E2 /* WorkSans-Italic.ttf */; };
		00FCC5EB28026B66002C77E2 /* WorkSans-LightItalic.ttf in Resources */ = {isa = PBXBuildFile; fileRef = 00FCC5D928026B66002C77E2 /* WorkSans-LightItalic.ttf */; };
		00FCC5EC28026B66002C77E2 /* WorkSans-BoldItalic.ttf in Resources */ = {isa = PBXBuildFile; fileRef = 00FCC5DA28026B66002C77E2 /* WorkSans-BoldItalic.ttf */; };
		00FCC5ED28026B66002C77E2 /* WorkSans-BlackItalic.ttf in Resources */ = {isa = PBXBuildFile; fileRef = 00FCC5DB28026B66002C77E2 /* WorkSans-BlackItalic.ttf */; };
		00FCC5EF28026BCC002C77E2 /* Font+Extensions.swift in Sources */ = {isa = PBXBuildFile; fileRef = 00FCC5EE28026BCC002C77E2 /* Font+Extensions.swift */; };
		00FCC5F12802990A002C77E2 /* CourseList.swift in Sources */ = {isa = PBXBuildFile; fileRef = 00FCC5F02802990A002C77E2 /* CourseList.swift */; };
		00FCC5F328029A75002C77E2 /* CourseView.swift in Sources */ = {isa = PBXBuildFile; fileRef = 00FCC5F228029A75002C77E2 /* CourseView.swift */; };
		00FDDD072800EFBD00050035 /* DemoAppApp.swift in Sources */ = {isa = PBXBuildFile; fileRef = 00FDDD062800EFBD00050035 /* DemoAppApp.swift */; };
		00FDDD092800EFBD00050035 /* ContentView.swift in Sources */ = {isa = PBXBuildFile; fileRef = 00FDDD082800EFBD00050035 /* ContentView.swift */; };
		00FDDD0B2800EFC100050035 /* Assets.xcassets in Resources */ = {isa = PBXBuildFile; fileRef = 00FDDD0A2800EFC100050035 /* Assets.xcassets */; };
		00FDDD0E2800EFC100050035 /* Preview Assets.xcassets in Resources */ = {isa = PBXBuildFile; fileRef = 00FDDD0D2800EFC100050035 /* Preview Assets.xcassets */; };
		00FDDD162800F0C400050035 /* Color+Extensions.swift in Sources */ = {isa = PBXBuildFile; fileRef = 00FDDD152800F0C400050035 /* Color+Extensions.swift */; };
		00FDDD182800F58900050035 /* CardView.swift in Sources */ = {isa = PBXBuildFile; fileRef = 00FDDD172800F58900050035 /* CardView.swift */; };
		00FDDD1A2800F5B400050035 /* BackcardView.swift in Sources */ = {isa = PBXBuildFile; fileRef = 00FDDD192800F5B400050035 /* BackcardView.swift */; };
		00FDDD1D2800F90E00050035 /* TitleView.swift in Sources */ = {isa = PBXBuildFile; fileRef = 00FDDD1C2800F90E00050035 /* TitleView.swift */; };
		00FDDD1F2800FB2600050035 /* BottomCardView.swift in Sources */ = {isa = PBXBuildFile; fileRef = 00FDDD1E2800FB2600050035 /* BottomCardView.swift */; };
		00FDDD232801139300050035 /* MenuView.swift in Sources */ = {isa = PBXBuildFile; fileRef = 00FDDD222801139300050035 /* MenuView.swift */; };
/* End PBXBuildFile section */

/* Begin PBXFileReference section */
		00BB70E72801533E00B95288 /* Home.swift */ = {isa = PBXFileReference; lastKnownFileType = sourcecode.swift; path = Home.swift; sourceTree = "<group>"; };
		00BB70E92801631E00B95288 /* AvatarView.swift */ = {isa = PBXFileReference; lastKnownFileType = sourcecode.swift; path = AvatarView.swift; sourceTree = "<group>"; };
		00BB70EB2801639E00B95288 /* HomeView.swift */ = {isa = PBXFileReference; lastKnownFileType = sourcecode.swift; path = HomeView.swift; sourceTree = "<group>"; };
		00BB70ED280164CD00B95288 /* UIScreen+Extensions.swift */ = {isa = PBXFileReference; lastKnownFileType = sourcecode.swift; path = "UIScreen+Extensions.swift"; sourceTree = "<group>"; };
		00BB70EF280167B700B95288 /* SectionView.swift */ = {isa = PBXFileReference; lastKnownFileType = sourcecode.swift; path = SectionView.swift; sourceTree = "<group>"; };
		00BB70F22801696400B95288 /* Section.swift */ = {isa = PBXFileReference; lastKnownFileType = sourcecode.swift; path = Section.swift; sourceTree = "<group>"; };
		00BB70F428017E1D00B95288 /* UpdateList.swift */ = {isa = PBXFileReference; lastKnownFileType = sourcecode.swift; path = UpdateList.swift; sourceTree = "<group>"; };
		00BB70F628017ED100B95288 /* Update.swift */ = {isa = PBXFileReference; lastKnownFileType = sourcecode.swift; path = Update.swift; sourceTree = "<group>"; };
		00BB70F8280180E600B95288 /* UpdateDetail.swift */ = {isa = PBXFileReference; lastKnownFileType = sourcecode.swift; path = UpdateDetail.swift; sourceTree = "<group>"; };
		00FCC5B928024E09002C77E2 /* UpdateStore.swift */ = {isa = PBXFileReference; lastKnownFileType = sourcecode.swift; path = UpdateStore.swift; sourceTree = "<group>"; };
		00FCC5BC2802516F002C77E2 /* TabBar.swift */ = {isa = PBXFileReference; lastKnownFileType = sourcecode.swift; path = TabBar.swift; sourceTree = "<group>"; };
		00FCC5BE2802539C002C77E2 /* RingView.swift */ = {isa = PBXFileReference; lastKnownFileType = sourcecode.swift; path = RingView.swift; sourceTree = "<group>"; };
		00FCC5C02802635C002C77E2 /* Modifiers.swift */ = {isa = PBXFileReference; lastKnownFileType = sourcecode.swift; path = Modifiers.swift; sourceTree = "<group>"; };
		00FCC5CA28026B65002C77E2 /* WorkSans-Medium.ttf */ = {isa = PBXFileReference; lastKnownFileType = file; path = "WorkSans-Medium.ttf"; sourceTree = "<group>"; };
		00FCC5CB28026B65002C77E2 /* WorkSans-Black.ttf */ = {isa = PBXFileReference; lastKnownFileType = file; path = "WorkSans-Black.ttf"; sourceTree = "<group>"; };
		00FCC5CC28026B65002C77E2 /* WorkSans-ThinItalic.ttf */ = {isa = PBXFileReference; lastKnownFileType = file; path = "WorkSans-ThinItalic.ttf"; sourceTree = "<group>"; };
		00FCC5CD28026B65002C77E2 /* WorkSans-ExtraBoldItalic.ttf */ = {isa = PBXFileReference; lastKnownFileType = file; path = "WorkSans-ExtraBoldItalic.ttf"; sourceTree = "<group>"; };
		00FCC5CE28026B65002C77E2 /* WorkSans-SemiBoldItalic.ttf */ = {isa = PBXFileReference; lastKnownFileType = file; path = "WorkSans-SemiBoldItalic.ttf"; sourceTree = "<group>"; };
		00FCC5CF28026B65002C77E2 /* WorkSans-ExtraLightItalic.ttf */ = {isa = PBXFileReference; lastKnownFileType = file; path = "WorkSans-ExtraLightItalic.ttf"; sourceTree = "<group>"; };
		00FCC5D028026B65002C77E2 /* WorkSans-ExtraLight.ttf */ = {isa = PBXFileReference; lastKnownFileType = file; path = "WorkSans-ExtraLight.ttf"; sourceTree = "<group>"; };
		00FCC5D128026B65002C77E2 /* WorkSans-Light.ttf */ = {isa = PBXFileReference; lastKnownFileType = file; path = "WorkSans-Light.ttf"; sourceTree = "<group>"; };
		00FCC5D228026B65002C77E2 /* WorkSans-Bold.ttf */ = {isa = PBXFileReference; lastKnownFileType = file; path = "WorkSans-Bold.ttf"; sourceTree = "<group>"; };
		00FCC5D328026B65002C77E2 /* WorkSans-MediumItalic.ttf */ = {isa = PBXFileReference; lastKnownFileType = file; path = "WorkSans-MediumItalic.ttf"; sourceTree = "<group>"; };
		00FCC5D428026B65002C77E2 /* WorkSans-Regular.ttf */ = {isa = PBXFileReference; lastKnownFileType = file; path = "WorkSans-Regular.ttf"; sourceTree = "<group>"; };
		00FCC5D528026B65002C77E2 /* WorkSans-SemiBold.ttf */ = {isa = PBXFileReference; lastKnownFileType = file; path = "WorkSans-SemiBold.ttf"; sourceTree = "<group>"; };
		00FCC5D628026B66002C77E2 /* WorkSans-Thin.ttf */ = {isa = PBXFileReference; lastKnownFileType = file; path = "WorkSans-Thin.ttf"; sourceTree = "<group>"; };
		00FCC5D728026B66002C77E2 /* WorkSans-ExtraBold.ttf */ = {isa = PBXFileReference; lastKnownFileType = file; path = "WorkSans-ExtraBold.ttf"; sourceTree = "<group>"; };
		00FCC5D828026B66002C77E2 /* WorkSans-Italic.ttf */ = {isa = PBXFileReference; lastKnownFileType = file; path = "WorkSans-Italic.ttf"; sourceTree = "<group>"; };
		00FCC5D928026B66002C77E2 /* WorkSans-LightItalic.ttf */ = {isa = PBXFileReference; lastKnownFileType = file; path = "WorkSans-LightItalic.ttf"; sourceTree = "<group>"; };
		00FCC5DA28026B66002C77E2 /* WorkSans-BoldItalic.ttf */ = {isa = PBXFileReference; lastKnownFileType = file; path = "WorkSans-BoldItalic.ttf"; sourceTree = "<group>"; };
		00FCC5DB28026B66002C77E2 /* WorkSans-BlackItalic.ttf */ = {isa = PBXFileReference; lastKnownFileType = file; path = "WorkSans-BlackItalic.ttf"; sourceTree = "<group>"; };
		00FCC5EE28026BCC002C77E2 /* Font+Extensions.swift */ = {isa = PBXFileReference; lastKnownFileType = sourcecode.swift; path = "Font+Extensions.swift"; sourceTree = "<group>"; };
		00FCC5F02802990A002C77E2 /* CourseList.swift */ = {isa = PBXFileReference; lastKnownFileType = sourcecode.swift; path = CourseList.swift; sourceTree = "<group>"; };
		00FCC5F228029A75002C77E2 /* CourseView.swift */ = {isa = PBXFileReference; lastKnownFileType = sourcecode.swift; path = CourseView.swift; sourceTree = "<group>"; };
		00FDDD032800EFBD00050035 /* DemoApp.app */ = {isa = PBXFileReference; explicitFileType = wrapper.application; includeInIndex = 0; path = DemoApp.app; sourceTree = BUILT_PRODUCTS_DIR; };
		00FDDD062800EFBD00050035 /* DemoAppApp.swift */ = {isa = PBXFileReference; lastKnownFileType = sourcecode.swift; path = DemoAppApp.swift; sourceTree = "<group>"; };
		00FDDD082800EFBD00050035 /* ContentView.swift */ = {isa = PBXFileReference; lastKnownFileType = sourcecode.swift; path = ContentView.swift; sourceTree = "<group>"; };
		00FDDD0A2800EFC100050035 /* Assets.xcassets */ = {isa = PBXFileReference; lastKnownFileType = folder.assetcatalog; path = Assets.xcassets; sourceTree = "<group>"; };
		00FDDD0D2800EFC100050035 /* Preview Assets.xcassets */ = {isa = PBXFileReference; lastKnownFileType = folder.assetcatalog; path = "Preview Assets.xcassets"; sourceTree = "<group>"; };
		00FDDD152800F0C400050035 /* Color+Extensions.swift */ = {isa = PBXFileReference; lastKnownFileType = sourcecode.swift; path = "Color+Extensions.swift"; sourceTree = "<group>"; };
		00FDDD172800F58900050035 /* CardView.swift */ = {isa = PBXFileReference; lastKnownFileType = sourcecode.swift; path = CardView.swift; sourceTree = "<group>"; };
		00FDDD192800F5B400050035 /* BackcardView.swift */ = {isa = PBXFileReference; lastKnownFileType = sourcecode.swift; path = BackcardView.swift; sourceTree = "<group>"; };
		00FDDD1C2800F90E00050035 /* TitleView.swift */ = {isa = PBXFileReference; lastKnownFileType = sourcecode.swift; path = TitleView.swift; sourceTree = "<group>"; };
		00FDDD1E2800FB2600050035 /* BottomCardView.swift */ = {isa = PBXFileReference; lastKnownFileType = sourcecode.swift; path = BottomCardView.swift; sourceTree = "<group>"; };
		00FDDD222801139300050035 /* MenuView.swift */ = {isa = PBXFileReference; lastKnownFileType = sourcecode.swift; path = MenuView.swift; sourceTree = "<group>"; };
/* End PBXFileReference section */

/* Begin PBXFrameworksBuildPhase section */
		00FDDD002800EFBD00050035 /* Frameworks */ = {
			isa = PBXFrameworksBuildPhase;
			buildActionMask = 2147483647;
			files = (
			);
			runOnlyForDeploymentPostprocessing = 0;
		};
/* End PBXFrameworksBuildPhase section */

/* Begin PBXGroup section */
		00BB70F12801695C00B95288 /* Models */ = {
			isa = PBXGroup;
			children = (
				00BB70F22801696400B95288 /* Section.swift */,
				00BB70F628017ED100B95288 /* Update.swift */,
			);
			path = Models;
			sourceTree = "<group>";
		};
		00FCC5BB28024F8B002C77E2 /* ViewModels */ = {
			isa = PBXGroup;
			children = (
				00FCC5B928024E09002C77E2 /* UpdateStore.swift */,
			);
			path = ViewModels;
			sourceTree = "<group>";
		};
		00FCC5C828026B4B002C77E2 /* Fonts */ = {
			isa = PBXGroup;
			children = (
				00FCC5C928026B4E002C77E2 /* WorkSans */,
			);
			path = Fonts;
			sourceTree = "<group>";
		};
		00FCC5C928026B4E002C77E2 /* WorkSans */ = {
			isa = PBXGroup;
			children = (
				00FCC5CB28026B65002C77E2 /* WorkSans-Black.ttf */,
				00FCC5DB28026B66002C77E2 /* WorkSans-BlackItalic.ttf */,
				00FCC5D228026B65002C77E2 /* WorkSans-Bold.ttf */,
				00FCC5DA28026B66002C77E2 /* WorkSans-BoldItalic.ttf */,
				00FCC5D728026B66002C77E2 /* WorkSans-ExtraBold.ttf */,
				00FCC5CD28026B65002C77E2 /* WorkSans-ExtraBoldItalic.ttf */,
				00FCC5D028026B65002C77E2 /* WorkSans-ExtraLight.ttf */,
				00FCC5CF28026B65002C77E2 /* WorkSans-ExtraLightItalic.ttf */,
				00FCC5D828026B66002C77E2 /* WorkSans-Italic.ttf */,
				00FCC5D128026B65002C77E2 /* WorkSans-Light.ttf */,
				00FCC5D928026B66002C77E2 /* WorkSans-LightItalic.ttf */,
				00FCC5CA28026B65002C77E2 /* WorkSans-Medium.ttf */,
				00FCC5D328026B65002C77E2 /* WorkSans-MediumItalic.ttf */,
				00FCC5D428026B65002C77E2 /* WorkSans-Regular.ttf */,
				00FCC5D528026B65002C77E2 /* WorkSans-SemiBold.ttf */,
				00FCC5CE28026B65002C77E2 /* WorkSans-SemiBoldItalic.ttf */,
				00FCC5D628026B66002C77E2 /* WorkSans-Thin.ttf */,
				00FCC5CC28026B65002C77E2 /* WorkSans-ThinItalic.ttf */,
			);
			path = WorkSans;
			sourceTree = "<group>";
		};
		00FDDCFA2800EFBD00050035 = {
			isa = PBXGroup;
			children = (
				00FDDD052800EFBD00050035 /* DemoApp */,
				00FDDD042800EFBD00050035 /* Products */,
			);
			sourceTree = "<group>";
		};
		00FDDD042800EFBD00050035 /* Products */ = {
			isa = PBXGroup;
			children = (
				00FDDD032800EFBD00050035 /* DemoApp.app */,
			);
			name = Products;
			sourceTree = "<group>";
		};
		00FDDD052800EFBD00050035 /* DemoApp */ = {
			isa = PBXGroup;
			children = (
				00FCC5C828026B4B002C77E2 /* Fonts */,
				00FDDD062800EFBD00050035 /* DemoAppApp.swift */,
				00FDDD0A2800EFC100050035 /* Assets.xcassets */,
				00FDDD142800F0BB00050035 /* Extensions */,
				00BB70F12801695C00B95288 /* Models */,
				00FDDD0C2800EFC100050035 /* Preview Content */,
				00FCC5BB28024F8B002C77E2 /* ViewModels */,
				00FDDD212801137F00050035 /* Views */,
			);
			path = DemoApp;
			sourceTree = "<group>";
		};
		00FDDD0C2800EFC100050035 /* Preview Content */ = {
			isa = PBXGroup;
			children = (
				00FDDD0D2800EFC100050035 /* Preview Assets.xcassets */,
			);
			path = "Preview Content";
			sourceTree = "<group>";
		};
		00FDDD142800F0BB00050035 /* Extensions */ = {
			isa = PBXGroup;
			children = (
				00FDDD152800F0C400050035 /* Color+Extensions.swift */,
				00BB70ED280164CD00B95288 /* UIScreen+Extensions.swift */,
				00FCC5C02802635C002C77E2 /* Modifiers.swift */,
				00FCC5EE28026BCC002C77E2 /* Font+Extensions.swift */,
			);
			path = Extensions;
			sourceTree = "<group>";
		};
		00FDDD1B2800F5C000050035 /* Cards */ = {
			isa = PBXGroup;
			children = (
				00FDDD192800F5B400050035 /* BackcardView.swift */,
				00FDDD1E2800FB2600050035 /* BottomCardView.swift */,
				00FDDD172800F58900050035 /* CardView.swift */,
			);
			path = Cards;
			sourceTree = "<group>";
		};
		00FDDD20280112AB00050035 /* Components */ = {
			isa = PBXGroup;
			children = (
				00FDDD1C2800F90E00050035 /* TitleView.swift */,
				00FDDD1B2800F5C000050035 /* Cards */,
				00BB70E92801631E00B95288 /* AvatarView.swift */,
				00BB70EF280167B700B95288 /* SectionView.swift */,
				00FCC5BE2802539C002C77E2 /* RingView.swift */,
				00FCC5F228029A75002C77E2 /* CourseView.swift */,
			);
			path = Components;
			sourceTree = "<group>";
		};
		00FDDD212801137F00050035 /* Views */ = {
			isa = PBXGroup;
			children = (
				00FDDD082800EFBD00050035 /* ContentView.swift */,
				00FCC5F02802990A002C77E2 /* CourseList.swift */,
				00BB70E72801533E00B95288 /* Home.swift */,
				00BB70EB2801639E00B95288 /* HomeView.swift */,
				00FDDD222801139300050035 /* MenuView.swift */,
				00FCC5BC2802516F002C77E2 /* TabBar.swift */,
				00BB70F8280180E600B95288 /* UpdateDetail.swift */,
				00BB70F428017E1D00B95288 /* UpdateList.swift */,
				00FDDD20280112AB00050035 /* Components */,
			);
			path = Views;
			sourceTree = "<group>";
		};
/* End PBXGroup section */

/* Begin PBXNativeTarget section */
		00FDDD022800EFBD00050035 /* DemoApp */ = {
			isa = PBXNativeTarget;
			buildConfigurationList = 00FDDD112800EFC100050035 /* Build configuration list for PBXNativeTarget "DemoApp" */;
			buildPhases = (
				00FDDCFF2800EFBD00050035 /* Sources */,
				00FDDD002800EFBD00050035 /* Frameworks */,
				00FDDD012800EFBD00050035 /* Resources */,
			);
			buildRules = (
			);
			dependencies = (
			);
			name = DemoApp;
			productName = DemoApp;
			productReference = 00FDDD032800EFBD00050035 /* DemoApp.app */;
			productType = "com.apple.product-type.application";
		};
/* End PBXNativeTarget section */

/* Begin PBXProject section */
		00FDDCFB2800EFBD00050035 /* Project object */ = {
			isa = PBXProject;
			attributes = {
				BuildIndependentTargetsInParallel = 1;
				LastSwiftUpdateCheck = 1330;
				LastUpgradeCheck = 1330;
				TargetAttributes = {
					00FDDD022800EFBD00050035 = {
						CreatedOnToolsVersion = 13.3;
					};
				};
			};
			buildConfigurationList = 00FDDCFE2800EFBD00050035 /* Build configuration list for PBXProject "DemoApp" */;
			compatibilityVersion = "Xcode 13.0";
			developmentRegion = en;
			hasScannedForEncodings = 0;
			knownRegions = (
				en,
				Base,
			);
			mainGroup = 00FDDCFA2800EFBD00050035;
			productRefGroup = 00FDDD042800EFBD00050035 /* Products */;
			projectDirPath = "";
			projectRoot = "";
			targets = (
				00FDDD022800EFBD00050035 /* DemoApp */,
			);
		};
/* End PBXProject section */

/* Begin PBXResourcesBuildPhase section */
		00FDDD012800EFBD00050035 /* Resources */ = {
			isa = PBXResourcesBuildPhase;
			buildActionMask = 2147483647;
			files = (
				00FCC5E128026B66002C77E2 /* WorkSans-ExtraLightItalic.ttf in Resources */,
				00FCC5E528026B66002C77E2 /* WorkSans-MediumItalic.ttf in Resources */,
				00FCC5DF28026B66002C77E2 /* WorkSans-ExtraBoldItalic.ttf in Resources */,
				00FCC5EC28026B66002C77E2 /* WorkSans-BoldItalic.ttf in Resources */,
				00FCC5EB28026B66002C77E2 /* WorkSans-LightItalic.ttf in Resources */,
				00FCC5E828026B66002C77E2 /* WorkSans-Thin.ttf in Resources */,
				00FCC5EA28026B66002C77E2 /* WorkSans-Italic.ttf in Resources */,
				00FCC5E628026B66002C77E2 /* WorkSans-Regular.ttf in Resources */,
				00FCC5DD28026B66002C77E2 /* WorkSans-Black.ttf in Resources */,
				00FCC5E028026B66002C77E2 /* WorkSans-SemiBoldItalic.ttf in Resources */,
				00FDDD0E2800EFC100050035 /* Preview Assets.xcassets in Resources */,
				00FCC5DC28026B66002C77E2 /* WorkSans-Medium.ttf in Resources */,
				00FCC5DE28026B66002C77E2 /* WorkSans-ThinItalic.ttf in Resources */,
				00FCC5E728026B66002C77E2 /* WorkSans-SemiBold.ttf in Resources */,
				00FCC5E428026B66002C77E2 /* WorkSans-Bold.ttf in Resources */,
				00FCC5E928026B66002C77E2 /* WorkSans-ExtraBold.ttf in Resources */,
				00FCC5ED28026B66002C77E2 /* WorkSans-BlackItalic.ttf in Resources */,
				00FCC5E228026B66002C77E2 /* WorkSans-ExtraLight.ttf in Resources */,
				00FDDD0B2800EFC100050035 /* Assets.xcassets in Resources */,
				00FCC5E328026B66002C77E2 /* WorkSans-Light.ttf in Resources */,
			);
			runOnlyForDeploymentPostprocessing = 0;
		};
/* End PBXResourcesBuildPhase section */

/* Begin PBXSourcesBuildPhase section */
		00FDDCFF2800EFBD00050035 /* Sources */ = {
			isa = PBXSourcesBuildPhase;
			buildActionMask = 2147483647;
			files = (
				00FCC5BF2802539C002C77E2 /* RingView.swift in Sources */,
				00FDDD092800EFBD00050035 /* ContentView.swift in Sources */,
				00BB70EE280164CD00B95288 /* UIScreen+Extensions.swift in Sources */,
				00FCC5BD2802516F002C77E2 /* TabBar.swift in Sources */,
				00FDDD232801139300050035 /* MenuView.swift in Sources */,
				00BB70F32801696400B95288 /* Section.swift in Sources */,
				00BB70F9280180E600B95288 /* UpdateDetail.swift in Sources */,
				00FDDD1F2800FB2600050035 /* BottomCardView.swift in Sources */,
				00BB70F528017E1D00B95288 /* UpdateList.swift in Sources */,
				00BB70EA2801631E00B95288 /* AvatarView.swift in Sources */,
				00FCC5EF28026BCC002C77E2 /* Font+Extensions.swift in Sources */,
				00FDDD072800EFBD00050035 /* DemoAppApp.swift in Sources */,
				00BB70EC2801639E00B95288 /* HomeView.swift in Sources */,
				00FCC5BA28024E09002C77E2 /* UpdateStore.swift in Sources */,
				00BB70E82801533E00B95288 /* Home.swift in Sources */,
				00BB70F728017ED100B95288 /* Update.swift in Sources */,
				00BB70F0280167B700B95288 /* SectionView.swift in Sources */,
				00FCC5C12802635C002C77E2 /* Modifiers.swift in Sources */,
				00FDDD1A2800F5B400050035 /* BackcardView.swift in Sources */,
				00FDDD182800F58900050035 /* CardView.swift in Sources */,
				00FDDD162800F0C400050035 /* Color+Extensions.swift in Sources */,
				00FDDD1D2800F90E00050035 /* TitleView.swift in Sources */,
				00FCC5F12802990A002C77E2 /* CourseList.swift in Sources */,
				00FCC5F328029A75002C77E2 /* CourseView.swift in Sources */,
			);
			runOnlyForDeploymentPostprocessing = 0;
		};
/* End PBXSourcesBuildPhase section */

/* Begin XCBuildConfiguration section */
		00FDDD0F2800EFC100050035 /* Debug */ = {
			isa = XCBuildConfiguration;
			buildSettings = {
				ALWAYS_SEARCH_USER_PATHS = NO;
				CLANG_ANALYZER_NONNULL = YES;
				CLANG_ANALYZER_NUMBER_OBJECT_CONVERSION = YES_AGGRESSIVE;
				CLANG_CXX_LANGUAGE_STANDARD = "gnu++17";
				CLANG_ENABLE_MODULES = YES;
				CLANG_ENABLE_OBJC_ARC = YES;
				CLANG_ENABLE_OBJC_WEAK = YES;
				CLANG_WARN_BLOCK_CAPTURE_AUTORELEASING = YES;
				CLANG_WARN_BOOL_CONVERSION = YES;
				CLANG_WARN_COMMA = YES;
				CLANG_WARN_CONSTANT_CONVERSION = YES;
				CLANG_WARN_DEPRECATED_OBJC_IMPLEMENTATIONS = YES;
				CLANG_WARN_DIRECT_OBJC_ISA_USAGE = YES_ERROR;
				CLANG_WARN_DOCUMENTATION_COMMENTS = YES;
				CLANG_WARN_EMPTY_BODY = YES;
				CLANG_WARN_ENUM_CONVERSION = YES;
				CLANG_WARN_INFINITE_RECURSION = YES;
				CLANG_WARN_INT_CONVERSION = YES;
				CLANG_WARN_NON_LITERAL_NULL_CONVERSION = YES;
				CLANG_WARN_OBJC_IMPLICIT_RETAIN_SELF = YES;
				CLANG_WARN_OBJC_LITERAL_CONVERSION = YES;
				CLANG_WARN_OBJC_ROOT_CLASS = YES_ERROR;
				CLANG_WARN_QUOTED_INCLUDE_IN_FRAMEWORK_HEADER = YES;
				CLANG_WARN_RANGE_LOOP_ANALYSIS = YES;
				CLANG_WARN_STRICT_PROTOTYPES = YES;
				CLANG_WARN_SUSPICIOUS_MOVE = YES;
				CLANG_WARN_UNGUARDED_AVAILABILITY = YES_AGGRESSIVE;
				CLANG_WARN_UNREACHABLE_CODE = YES;
				CLANG_WARN__DUPLICATE_METHOD_MATCH = YES;
				COPY_PHASE_STRIP = NO;
				DEBUG_INFORMATION_FORMAT = dwarf;
				ENABLE_STRICT_OBJC_MSGSEND = YES;
				ENABLE_TESTABILITY = YES;
				GCC_C_LANGUAGE_STANDARD = gnu11;
				GCC_DYNAMIC_NO_PIC = NO;
				GCC_NO_COMMON_BLOCKS = YES;
				GCC_OPTIMIZATION_LEVEL = 0;
				GCC_PREPROCESSOR_DEFINITIONS = (
					"DEBUG=1",
					"$(inherited)",
				);
				GCC_WARN_64_TO_32_BIT_CONVERSION = YES;
				GCC_WARN_ABOUT_RETURN_TYPE = YES_ERROR;
				GCC_WARN_UNDECLARED_SELECTOR = YES;
				GCC_WARN_UNINITIALIZED_AUTOS = YES_AGGRESSIVE;
				GCC_WARN_UNUSED_FUNCTION = YES;
				GCC_WARN_UNUSED_VARIABLE = YES;
				IPHONEOS_DEPLOYMENT_TARGET = 15.4;
				MTL_ENABLE_DEBUG_INFO = INCLUDE_SOURCE;
				MTL_FAST_MATH = YES;
				ONLY_ACTIVE_ARCH = YES;
				SDKROOT = iphoneos;
				SWIFT_ACTIVE_COMPILATION_CONDITIONS = DEBUG;
				SWIFT_OPTIMIZATION_LEVEL = "-Onone";
			};
			name = Debug;
		};
		00FDDD102800EFC100050035 /* Release */ = {
			isa = XCBuildConfiguration;
			buildSettings = {
				ALWAYS_SEARCH_USER_PATHS = NO;
				CLANG_ANALYZER_NONNULL = YES;
				CLANG_ANALYZER_NUMBER_OBJECT_CONVERSION = YES_AGGRESSIVE;
				CLANG_CXX_LANGUAGE_STANDARD = "gnu++17";
				CLANG_ENABLE_MODULES = YES;
				CLANG_ENABLE_OBJC_ARC = YES;
				CLANG_ENABLE_OBJC_WEAK = YES;
				CLANG_WARN_BLOCK_CAPTURE_AUTORELEASING = YES;
				CLANG_WARN_BOOL_CONVERSION = YES;
				CLANG_WARN_COMMA = YES;
				CLANG_WARN_CONSTANT_CONVERSION = YES;
				CLANG_WARN_DEPRECATED_OBJC_IMPLEMENTATIONS = YES;
				CLANG_WARN_DIRECT_OBJC_ISA_USAGE = YES_ERROR;
				CLANG_WARN_DOCUMENTATION_COMMENTS = YES;
				CLANG_WARN_EMPTY_BODY = YES;
				CLANG_WARN_ENUM_CONVERSION = YES;
				CLANG_WARN_INFINITE_RECURSION = YES;
				CLANG_WARN_INT_CONVERSION = YES;
				CLANG_WARN_NON_LITERAL_NULL_CONVERSION = YES;
				CLANG_WARN_OBJC_IMPLICIT_RETAIN_SELF = YES;
				CLANG_WARN_OBJC_LITERAL_CONVERSION = YES;
				CLANG_WARN_OBJC_ROOT_CLASS = YES_ERROR;
				CLANG_WARN_QUOTED_INCLUDE_IN_FRAMEWORK_HEADER = YES;
				CLANG_WARN_RANGE_LOOP_ANALYSIS = YES;
				CLANG_WARN_STRICT_PROTOTYPES = YES;
				CLANG_WARN_SUSPICIOUS_MOVE = YES;
				CLANG_WARN_UNGUARDED_AVAILABILITY = YES_AGGRESSIVE;
				CLANG_WARN_UNREACHABLE_CODE = YES;
				CLANG_WARN__DUPLICATE_METHOD_MATCH = YES;
				COPY_PHASE_STRIP = NO;
				DEBUG_INFORMATION_FORMAT = "dwarf-with-dsym";
				ENABLE_NS_ASSERTIONS = NO;
				ENABLE_STRICT_OBJC_MSGSEND = YES;
				GCC_C_LANGUAGE_STANDARD = gnu11;
				GCC_NO_COMMON_BLOCKS = YES;
				GCC_WARN_64_TO_32_BIT_CONVERSION = YES;
				GCC_WARN_ABOUT_RETURN_TYPE = YES_ERROR;
				GCC_WARN_UNDECLARED_SELECTOR = YES;
				GCC_WARN_UNINITIALIZED_AUTOS = YES_AGGRESSIVE;
				GCC_WARN_UNUSED_FUNCTION = YES;
				GCC_WARN_UNUSED_VARIABLE = YES;
				IPHONEOS_DEPLOYMENT_TARGET = 15.4;
				MTL_ENABLE_DEBUG_INFO = NO;
				MTL_FAST_MATH = YES;
				SDKROOT = iphoneos;
				SWIFT_COMPILATION_MODE = wholemodule;
				SWIFT_OPTIMIZATION_LEVEL = "-O";
				VALIDATE_PRODUCT = YES;
			};
			name = Release;
		};
		00FDDD122800EFC100050035 /* Debug */ = {
			isa = XCBuildConfiguration;
			buildSettings = {
				ASSETCATALOG_COMPILER_APPICON_NAME = AppIcon;
				ASSETCATALOG_COMPILER_GLOBAL_ACCENT_COLOR_NAME = AccentColor;
				CODE_SIGN_STYLE = Automatic;
				CURRENT_PROJECT_VERSION = 1;
				DEVELOPMENT_ASSET_PATHS = "\"DemoApp/Preview Content\"";
				DEVELOPMENT_TEAM = QH7853B55W;
				ENABLE_PREVIEWS = YES;
				GENERATE_INFOPLIST_FILE = YES;
				INFOPLIST_FILE = DemoApp/Info.plist;
				INFOPLIST_KEY_CFBundleDisplayName = "";
				INFOPLIST_KEY_LSApplicationCategoryType = "\"\"";
				INFOPLIST_KEY_UIApplicationSceneManifest_Generation = YES;
				INFOPLIST_KEY_UIApplicationSupportsIndirectInputEvents = YES;
				INFOPLIST_KEY_UILaunchScreen_Generation = YES;
				INFOPLIST_KEY_UISupportedInterfaceOrientations_iPad = "UIInterfaceOrientationPortrait UIInterfaceOrientationPortraitUpsideDown UIInterfaceOrientationLandscapeLeft UIInterfaceOrientationLandscapeRight";
				INFOPLIST_KEY_UISupportedInterfaceOrientations_iPhone = "UIInterfaceOrientationPortrait UIInterfaceOrientationLandscapeLeft UIInterfaceOrientationLandscapeRight";
				LD_RUNPATH_SEARCH_PATHS = (
					"$(inherited)",
					"@executable_path/Frameworks",
				);
				MARKETING_VERSION = 1.0;
				PRODUCT_BUNDLE_IDENTIFIER = dev.aybarsacar.DemoApp;
				PRODUCT_NAME = "$(TARGET_NAME)";
				SWIFT_EMIT_LOC_STRINGS = YES;
				SWIFT_VERSION = 5.0;
				TARGETED_DEVICE_FAMILY = "1,2";
			};
			name = Debug;
		};
		00FDDD132800EFC100050035 /* Release */ = {
			isa = XCBuildConfiguration;
			buildSettings = {
				ASSETCATALOG_COMPILER_APPICON_NAME = AppIcon;
				ASSETCATALOG_COMPILER_GLOBAL_ACCENT_COLOR_NAME = AccentColor;
				CODE_SIGN_STYLE = Automatic;
				CURRENT_PROJECT_VERSION = 1;
				DEVELOPMENT_ASSET_PATHS = "\"DemoApp/Preview Content\"";
				DEVELOPMENT_TEAM = QH7853B55W;
				ENABLE_PREVIEWS = YES;
				GENERATE_INFOPLIST_FILE = YES;
				INFOPLIST_FILE = DemoApp/Info.plist;
				INFOPLIST_KEY_CFBundleDisplayName = "";
				INFOPLIST_KEY_LSApplicationCategoryType = "\"\"";
				INFOPLIST_KEY_UIApplicationSceneManifest_Generation = YES;
				INFOPLIST_KEY_UIApplicationSupportsIndirectInputEvents = YES;
				INFOPLIST_KEY_UILaunchScreen_Generation = YES;
				INFOPLIST_KEY_UISupportedInterfaceOrientations_iPad = "UIInterfaceOrientationPortrait UIInterfaceOrientationPortraitUpsideDown UIInterfaceOrientationLandscapeLeft UIInterfaceOrientationLandscapeRight";
				INFOPLIST_KEY_UISupportedInterfaceOrientations_iPhone = "UIInterfaceOrientationPortrait UIInterfaceOrientationLandscapeLeft UIInterfaceOrientationLandscapeRight";
				LD_RUNPATH_SEARCH_PATHS = (
					"$(inherited)",
					"@executable_path/Frameworks",
				);
				MARKETING_VERSION = 1.0;
				PRODUCT_BUNDLE_IDENTIFIER = dev.aybarsacar.DemoApp;
				PRODUCT_NAME = "$(TARGET_NAME)";
				SWIFT_EMIT_LOC_STRINGS = YES;
				SWIFT_VERSION = 5.0;
				TARGETED_DEVICE_FAMILY = "1,2";
			};
			name = Release;
		};
/* End XCBuildConfiguration section */

/* Begin XCConfigurationList section */
		00FDDCFE2800EFBD00050035 /* Build configuration list for PBXProject "DemoApp" */ = {
			isa = XCConfigurationList;
			buildConfigurations = (
				00FDDD0F2800EFC100050035 /* Debug */,
				00FDDD102800EFC100050035 /* Release */,
			);
			defaultConfigurationIsVisible = 0;
			defaultConfigurationName = Release;
		};
		00FDDD112800EFC100050035 /* Build configuration list for PBXNativeTarget "DemoApp" */ = {
			isa = XCConfigurationList;
			buildConfigurations = (
				00FDDD122800EFC100050035 /* Debug */,
				00FDDD132800EFC100050035 /* Release */,
			);
			defaultConfigurationIsVisible = 0;
			defaultConfigurationName = Release;
		};
/* End XCConfigurationList section */
	};
	rootObject = 00FDDCFB2800EFBD00050035 /* Project object */;
}
